// !$*UTF8*$!
{
	archiveVersion = 1;
	classes = {
	};
	objectVersion = 56;
	objects = {

/* Begin PBXBuildFile section */
		5A2E5E2C2A09042C006CBDE9 /* AppDelegate.swift in Sources */ = {isa = PBXBuildFile; fileRef = 5A2E5E2B2A09042C006CBDE9 /* AppDelegate.swift */; };
		5A2E5E2E2A09042C006CBDE9 /* SceneDelegate.swift in Sources */ = {isa = PBXBuildFile; fileRef = 5A2E5E2D2A09042C006CBDE9 /* SceneDelegate.swift */; };
		5A2E5E302A09042C006CBDE9 /* ViewController.swift in Sources */ = {isa = PBXBuildFile; fileRef = 5A2E5E2F2A09042C006CBDE9 /* ViewController.swift */; };
		5A2E5E332A09042C006CBDE9 /* Main.storyboard in Resources */ = {isa = PBXBuildFile; fileRef = 5A2E5E312A09042C006CBDE9 /* Main.storyboard */; };
		5A2E5E352A090430006CBDE9 /* Assets.xcassets in Resources */ = {isa = PBXBuildFile; fileRef = 5A2E5E342A090430006CBDE9 /* Assets.xcassets */; };
		5A2E5E382A090430006CBDE9 /* LaunchScreen.storyboard in Resources */ = {isa = PBXBuildFile; fileRef = 5A2E5E362A090430006CBDE9 /* LaunchScreen.storyboard */; };
		5A2E5E432A090431006CBDE9 /* mapkit_testTests.swift in Sources */ = {isa = PBXBuildFile; fileRef = 5A2E5E422A090431006CBDE9 /* mapkit_testTests.swift */; };
		5A2E5E4D2A090431006CBDE9 /* mapkit_testUITests.swift in Sources */ = {isa = PBXBuildFile; fileRef = 5A2E5E4C2A090431006CBDE9 /* mapkit_testUITests.swift */; };
		5A2E5E4F2A090431006CBDE9 /* mapkit_testUITestsLaunchTests.swift in Sources */ = {isa = PBXBuildFile; fileRef = 5A2E5E4E2A090431006CBDE9 /* mapkit_testUITestsLaunchTests.swift */; };
/* End PBXBuildFile section */

/* Begin PBXContainerItemProxy section */
		5A2E5E3F2A090431006CBDE9 /* PBXContainerItemProxy */ = {
			isa = PBXContainerItemProxy;
			containerPortal = 5A2E5E202A09042C006CBDE9 /* Project object */;
			proxyType = 1;
			remoteGlobalIDString = 5A2E5E272A09042C006CBDE9;
			remoteInfo = "mapkit test";
		};
		5A2E5E492A090431006CBDE9 /* PBXContainerItemProxy */ = {
			isa = PBXContainerItemProxy;
			containerPortal = 5A2E5E202A09042C006CBDE9 /* Project object */;
			proxyType = 1;
			remoteGlobalIDString = 5A2E5E272A09042C006CBDE9;
			remoteInfo = "mapkit test";
		};
/* End PBXContainerItemProxy section */

/* Begin PBXFileReference section */
		5A2E5E282A09042C006CBDE9 /* mapkit test.app */ = {isa = PBXFileReference; explicitFileType = wrapper.application; includeInIndex = 0; path = "mapkit test.app"; sourceTree = BUILT_PRODUCTS_DIR; };
		5A2E5E2B2A09042C006CBDE9 /* AppDelegate.swift */ = {isa = PBXFileReference; lastKnownFileType = sourcecode.swift; path = AppDelegate.swift; sourceTree = "<group>"; };
		5A2E5E2D2A09042C006CBDE9 /* SceneDelegate.swift */ = {isa = PBXFileReference; lastKnownFileType = sourcecode.swift; path = SceneDelegate.swift; sourceTree = "<group>"; };
		5A2E5E2F2A09042C006CBDE9 /* ViewController.swift */ = {isa = PBXFileReference; lastKnownFileType = sourcecode.swift; path = ViewController.swift; sourceTree = "<group>"; };
		5A2E5E322A09042C006CBDE9 /* Base */ = {isa = PBXFileReference; lastKnownFileType = file.storyboard; name = Base; path = Base.lproj/Main.storyboard; sourceTree = "<group>"; };
		5A2E5E342A090430006CBDE9 /* Assets.xcassets */ = {isa = PBXFileReference; lastKnownFileType = folder.assetcatalog; path = Assets.xcassets; sourceTree = "<group>"; };
		5A2E5E372A090430006CBDE9 /* Base */ = {isa = PBXFileReference; lastKnownFileType = file.storyboard; name = Base; path = Base.lproj/LaunchScreen.storyboard; sourceTree = "<group>"; };
		5A2E5E392A090430006CBDE9 /* Info.plist */ = {isa = PBXFileReference; lastKnownFileType = text.plist.xml; path = Info.plist; sourceTree = "<group>"; };
		5A2E5E3E2A090431006CBDE9 /* mapkit testTests.xctest */ = {isa = PBXFileReference; explicitFileType = wrapper.cfbundle; includeInIndex = 0; path = "mapkit testTests.xctest"; sourceTree = BUILT_PRODUCTS_DIR; };
		5A2E5E422A090431006CBDE9 /* mapkit_testTests.swift */ = {isa = PBXFileReference; lastKnownFileType = sourcecode.swift; path = mapkit_testTests.swift; sourceTree = "<group>"; };
		5A2E5E482A090431006CBDE9 /* mapkit testUITests.xctest */ = {isa = PBXFileReference; explicitFileType = wrapper.cfbundle; includeInIndex = 0; path = "mapkit testUITests.xctest"; sourceTree = BUILT_PRODUCTS_DIR; };
		5A2E5E4C2A090431006CBDE9 /* mapkit_testUITests.swift */ = {isa = PBXFileReference; lastKnownFileType = sourcecode.swift; path = mapkit_testUITests.swift; sourceTree = "<group>"; };
		5A2E5E4E2A090431006CBDE9 /* mapkit_testUITestsLaunchTests.swift */ = {isa = PBXFileReference; lastKnownFileType = sourcecode.swift; path = mapkit_testUITestsLaunchTests.swift; sourceTree = "<group>"; };
/* End PBXFileReference section */

/* Begin PBXFrameworksBuildPhase section */
		5A2E5E252A09042C006CBDE9 /* Frameworks */ = {
			isa = PBXFrameworksBuildPhase;
			buildActionMask = 2147483647;
			files = (
			);
			runOnlyForDeploymentPostprocessing = 0;
		};
		5A2E5E3B2A090431006CBDE9 /* Frameworks */ = {
			isa = PBXFrameworksBuildPhase;
			buildActionMask = 2147483647;
			files = (
			);
			runOnlyForDeploymentPostprocessing = 0;
		};
		5A2E5E452A090431006CBDE9 /* Frameworks */ = {
			isa = PBXFrameworksBuildPhase;
			buildActionMask = 2147483647;
			files = (
			);
			runOnlyForDeploymentPostprocessing = 0;
		};
/* End PBXFrameworksBuildPhase section */

/* Begin PBXGroup section */
		5A2E5E1F2A09042C006CBDE9 = {
			isa = PBXGroup;
			children = (
				5A2E5E2A2A09042C006CBDE9 /* mapkit test */,
				5A2E5E412A090431006CBDE9 /* mapkit testTests */,
				5A2E5E4B2A090431006CBDE9 /* mapkit testUITests */,
				5A2E5E292A09042C006CBDE9 /* Products */,
			);
			sourceTree = "<group>";
		};
		5A2E5E292A09042C006CBDE9 /* Products */ = {
			isa = PBXGroup;
			children = (
				5A2E5E282A09042C006CBDE9 /* mapkit test.app */,
				5A2E5E3E2A090431006CBDE9 /* mapkit testTests.xctest */,
				5A2E5E482A090431006CBDE9 /* mapkit testUITests.xctest */,
			);
			name = Products;
			sourceTree = "<group>";
		};
		5A2E5E2A2A09042C006CBDE9 /* mapkit test */ = {
			isa = PBXGroup;
			children = (
				5A2E5E5C2A090527006CBDE9 /* controllers */,
				5A2E5E5B2A09051E006CBDE9 /* app */,
				5A2E5E5D2A090538006CBDE9 /* views */,
				5A2E5E342A090430006CBDE9 /* Assets.xcassets */,
				5A2E5E392A090430006CBDE9 /* Info.plist */,
			);
			path = "mapkit test";
			sourceTree = "<group>";
		};
		5A2E5E412A090431006CBDE9 /* mapkit testTests */ = {
			isa = PBXGroup;
			children = (
				5A2E5E422A090431006CBDE9 /* mapkit_testTests.swift */,
			);
			path = "mapkit testTests";
			sourceTree = "<group>";
		};
		5A2E5E4B2A090431006CBDE9 /* mapkit testUITests */ = {
			isa = PBXGroup;
			children = (
				5A2E5E4C2A090431006CBDE9 /* mapkit_testUITests.swift */,
				5A2E5E4E2A090431006CBDE9 /* mapkit_testUITestsLaunchTests.swift */,
			);
			path = "mapkit testUITests";
			sourceTree = "<group>";
		};
		5A2E5E5B2A09051E006CBDE9 /* app */ = {
			isa = PBXGroup;
			children = (
				5A2E5E2B2A09042C006CBDE9 /* AppDelegate.swift */,
				5A2E5E2D2A09042C006CBDE9 /* SceneDelegate.swift */,
			);
			path = app;
			sourceTree = "<group>";
		};
		5A2E5E5C2A090527006CBDE9 /* controllers */ = {
			isa = PBXGroup;
			children = (
				5A2E5E2F2A09042C006CBDE9 /* ViewController.swift */,
			);
			path = controllers;
			sourceTree = "<group>";
		};
		5A2E5E5D2A090538006CBDE9 /* views */ = {
			isa = PBXGroup;
			children = (
				5A2E5E312A09042C006CBDE9 /* Main.storyboard */,
				5A2E5E362A090430006CBDE9 /* LaunchScreen.storyboard */,
			);
			path = views;
			sourceTree = "<group>";
		};
/* End PBXGroup section */

/* Begin PBXNativeTarget section */
		5A2E5E272A09042C006CBDE9 /* mapkit test */ = {
			isa = PBXNativeTarget;
			buildConfigurationList = 5A2E5E522A090431006CBDE9 /* Build configuration list for PBXNativeTarget "mapkit test" */;
			buildPhases = (
				5A2E5E242A09042C006CBDE9 /* Sources */,
				5A2E5E252A09042C006CBDE9 /* Frameworks */,
				5A2E5E262A09042C006CBDE9 /* Resources */,
			);
			buildRules = (
			);
			dependencies = (
			);
			name = "mapkit test";
			productName = "mapkit test";
			productReference = 5A2E5E282A09042C006CBDE9 /* mapkit test.app */;
			productType = "com.apple.product-type.application";
		};
		5A2E5E3D2A090431006CBDE9 /* mapkit testTests */ = {
			isa = PBXNativeTarget;
			buildConfigurationList = 5A2E5E552A090431006CBDE9 /* Build configuration list for PBXNativeTarget "mapkit testTests" */;
			buildPhases = (
				5A2E5E3A2A090431006CBDE9 /* Sources */,
				5A2E5E3B2A090431006CBDE9 /* Frameworks */,
				5A2E5E3C2A090431006CBDE9 /* Resources */,
			);
			buildRules = (
			);
			dependencies = (
				5A2E5E402A090431006CBDE9 /* PBXTargetDependency */,
			);
			name = "mapkit testTests";
			productName = "mapkit testTests";
			productReference = 5A2E5E3E2A090431006CBDE9 /* mapkit testTests.xctest */;
			productType = "com.apple.product-type.bundle.unit-test";
		};
		5A2E5E472A090431006CBDE9 /* mapkit testUITests */ = {
			isa = PBXNativeTarget;
			buildConfigurationList = 5A2E5E582A090431006CBDE9 /* Build configuration list for PBXNativeTarget "mapkit testUITests" */;
			buildPhases = (
				5A2E5E442A090431006CBDE9 /* Sources */,
				5A2E5E452A090431006CBDE9 /* Frameworks */,
				5A2E5E462A090431006CBDE9 /* Resources */,
			);
			buildRules = (
			);
			dependencies = (
				5A2E5E4A2A090431006CBDE9 /* PBXTargetDependency */,
			);
			name = "mapkit testUITests";
			productName = "mapkit testUITests";
			productReference = 5A2E5E482A090431006CBDE9 /* mapkit testUITests.xctest */;
			productType = "com.apple.product-type.bundle.ui-testing";
		};
/* End PBXNativeTarget section */

/* Begin PBXProject section */
		5A2E5E202A09042C006CBDE9 /* Project object */ = {
			isa = PBXProject;
			attributes = {
				BuildIndependentTargetsInParallel = 1;
				LastSwiftUpdateCheck = 1430;
				LastUpgradeCheck = 1430;
				TargetAttributes = {
					5A2E5E272A09042C006CBDE9 = {
						CreatedOnToolsVersion = 14.3;
					};
					5A2E5E3D2A090431006CBDE9 = {
						CreatedOnToolsVersion = 14.3;
						TestTargetID = 5A2E5E272A09042C006CBDE9;
					};
					5A2E5E472A090431006CBDE9 = {
						CreatedOnToolsVersion = 14.3;
						TestTargetID = 5A2E5E272A09042C006CBDE9;
					};
				};
			};
			buildConfigurationList = 5A2E5E232A09042C006CBDE9 /* Build configuration list for PBXProject "mapkit test" */;
			compatibilityVersion = "Xcode 14.0";
			developmentRegion = en;
			hasScannedForEncodings = 0;
			knownRegions = (
				en,
				Base,
			);
			mainGroup = 5A2E5E1F2A09042C006CBDE9;
			productRefGroup = 5A2E5E292A09042C006CBDE9 /* Products */;
			projectDirPath = "";
			projectRoot = "";
			targets = (
				5A2E5E272A09042C006CBDE9 /* mapkit test */,
				5A2E5E3D2A090431006CBDE9 /* mapkit testTests */,
				5A2E5E472A090431006CBDE9 /* mapkit testUITests */,
			);
		};
/* End PBXProject section */

/* Begin PBXResourcesBuildPhase section */
		5A2E5E262A09042C006CBDE9 /* Resources */ = {
			isa = PBXResourcesBuildPhase;
			buildActionMask = 2147483647;
			files = (
				5A2E5E382A090430006CBDE9 /* LaunchScreen.storyboard in Resources */,
				5A2E5E352A090430006CBDE9 /* Assets.xcassets in Resources */,
				5A2E5E332A09042C006CBDE9 /* Main.storyboard in Resources */,
			);
			runOnlyForDeploymentPostprocessing = 0;
		};
		5A2E5E3C2A090431006CBDE9 /* Resources */ = {
			isa = PBXResourcesBuildPhase;
			buildActionMask = 2147483647;
			files = (
			);
			runOnlyForDeploymentPostprocessing = 0;
		};
		5A2E5E462A090431006CBDE9 /* Resources */ = {
			isa = PBXResourcesBuildPhase;
			buildActionMask = 2147483647;
			files = (
			);
			runOnlyForDeploymentPostprocessing = 0;
		};
/* End PBXResourcesBuildPhase section */

/* Begin PBXSourcesBuildPhase section */
		5A2E5E242A09042C006CBDE9 /* Sources */ = {
			isa = PBXSourcesBuildPhase;
			buildActionMask = 2147483647;
			files = (
				5A2E5E302A09042C006CBDE9 /* ViewController.swift in Sources */,
				5A2E5E2C2A09042C006CBDE9 /* AppDelegate.swift in Sources */,
				5A2E5E2E2A09042C006CBDE9 /* SceneDelegate.swift in Sources */,
			);
			runOnlyForDeploymentPostprocessing = 0;
		};
		5A2E5E3A2A090431006CBDE9 /* Sources */ = {
			isa = PBXSourcesBuildPhase;
			buildActionMask = 2147483647;
			files = (
				5A2E5E432A090431006CBDE9 /* mapkit_testTests.swift in Sources */,
			);
			runOnlyForDeploymentPostprocessing = 0;
		};
		5A2E5E442A090431006CBDE9 /* Sources */ = {
			isa = PBXSourcesBuildPhase;
			buildActionMask = 2147483647;
			files = (
				5A2E5E4F2A090431006CBDE9 /* mapkit_testUITestsLaunchTests.swift in Sources */,
				5A2E5E4D2A090431006CBDE9 /* mapkit_testUITests.swift in Sources */,
			);
			runOnlyForDeploymentPostprocessing = 0;
		};
/* End PBXSourcesBuildPhase section */

/* Begin PBXTargetDependency section */
		5A2E5E402A090431006CBDE9 /* PBXTargetDependency */ = {
			isa = PBXTargetDependency;
			target = 5A2E5E272A09042C006CBDE9 /* mapkit test */;
			targetProxy = 5A2E5E3F2A090431006CBDE9 /* PBXContainerItemProxy */;
		};
		5A2E5E4A2A090431006CBDE9 /* PBXTargetDependency */ = {
			isa = PBXTargetDependency;
			target = 5A2E5E272A09042C006CBDE9 /* mapkit test */;
			targetProxy = 5A2E5E492A090431006CBDE9 /* PBXContainerItemProxy */;
		};
/* End PBXTargetDependency section */

/* Begin PBXVariantGroup section */
		5A2E5E312A09042C006CBDE9 /* Main.storyboard */ = {
			isa = PBXVariantGroup;
			children = (
				5A2E5E322A09042C006CBDE9 /* Base */,
			);
			name = Main.storyboard;
			sourceTree = "<group>";
		};
		5A2E5E362A090430006CBDE9 /* LaunchScreen.storyboard */ = {
			isa = PBXVariantGroup;
			children = (
				5A2E5E372A090430006CBDE9 /* Base */,
			);
			name = LaunchScreen.storyboard;
			sourceTree = "<group>";
		};
/* End PBXVariantGroup section */

/* Begin XCBuildConfiguration section */
		5A2E5E502A090431006CBDE9 /* Debug */ = {
			isa = XCBuildConfiguration;
			buildSettings = {
				ALWAYS_SEARCH_USER_PATHS = NO;
				CLANG_ANALYZER_NONNULL = YES;
				CLANG_ANALYZER_NUMBER_OBJECT_CONVERSION = YES_AGGRESSIVE;
				CLANG_CXX_LANGUAGE_STANDARD = "gnu++20";
				CLANG_ENABLE_MODULES = YES;
				CLANG_ENABLE_OBJC_ARC = YES;
				CLANG_ENABLE_OBJC_WEAK = YES;
				CLANG_WARN_BLOCK_CAPTURE_AUTORELEASING = YES;
				CLANG_WARN_BOOL_CONVERSION = YES;
				CLANG_WARN_COMMA = YES;
				CLANG_WARN_CONSTANT_CONVERSION = YES;
				CLANG_WARN_DEPRECATED_OBJC_IMPLEMENTATIONS = YES;
				CLANG_WARN_DIRECT_OBJC_ISA_USAGE = YES_ERROR;
				CLANG_WARN_DOCUMENTATION_COMMENTS = YES;
				CLANG_WARN_EMPTY_BODY = YES;
				CLANG_WARN_ENUM_CONVERSION = YES;
				CLANG_WARN_INFINITE_RECURSION = YES;
				CLANG_WARN_INT_CONVERSION = YES;
				CLANG_WARN_NON_LITERAL_NULL_CONVERSION = YES;
				CLANG_WARN_OBJC_IMPLICIT_RETAIN_SELF = YES;
				CLANG_WARN_OBJC_LITERAL_CONVERSION = YES;
				CLANG_WARN_OBJC_ROOT_CLASS = YES_ERROR;
				CLANG_WARN_QUOTED_INCLUDE_IN_FRAMEWORK_HEADER = YES;
				CLANG_WARN_RANGE_LOOP_ANALYSIS = YES;
				CLANG_WARN_STRICT_PROTOTYPES = YES;
				CLANG_WARN_SUSPICIOUS_MOVE = YES;
				CLANG_WARN_UNGUARDED_AVAILABILITY = YES_AGGRESSIVE;
				CLANG_WARN_UNREACHABLE_CODE = YES;
				CLANG_WARN__DUPLICATE_METHOD_MATCH = YES;
				COPY_PHASE_STRIP = NO;
				DEBUG_INFORMATION_FORMAT = dwarf;
				ENABLE_STRICT_OBJC_MSGSEND = YES;
				ENABLE_TESTABILITY = YES;
				GCC_C_LANGUAGE_STANDARD = gnu11;
				GCC_DYNAMIC_NO_PIC = NO;
				GCC_NO_COMMON_BLOCKS = YES;
				GCC_OPTIMIZATION_LEVEL = 0;
				GCC_PREPROCESSOR_DEFINITIONS = (
					"DEBUG=1",
					"$(inherited)",
				);
				GCC_WARN_64_TO_32_BIT_CONVERSION = YES;
				GCC_WARN_ABOUT_RETURN_TYPE = YES_ERROR;
				GCC_WARN_UNDECLARED_SELECTOR = YES;
				GCC_WARN_UNINITIALIZED_AUTOS = YES_AGGRESSIVE;
				GCC_WARN_UNUSED_FUNCTION = YES;
				GCC_WARN_UNUSED_VARIABLE = YES;
				IPHONEOS_DEPLOYMENT_TARGET = 16.4;
				MTL_ENABLE_DEBUG_INFO = INCLUDE_SOURCE;
				MTL_FAST_MATH = YES;
				ONLY_ACTIVE_ARCH = YES;
				SDKROOT = iphoneos;
				SWIFT_ACTIVE_COMPILATION_CONDITIONS = DEBUG;
				SWIFT_OPTIMIZATION_LEVEL = "-Onone";
			};
			name = Debug;
		};
		5A2E5E512A090431006CBDE9 /* Release */ = {
			isa = XCBuildConfiguration;
			buildSettings = {
				ALWAYS_SEARCH_USER_PATHS = NO;
				CLANG_ANALYZER_NONNULL = YES;
				CLANG_ANALYZER_NUMBER_OBJECT_CONVERSION = YES_AGGRESSIVE;
				CLANG_CXX_LANGUAGE_STANDARD = "gnu++20";
				CLANG_ENABLE_MODULES = YES;
				CLANG_ENABLE_OBJC_ARC = YES;
				CLANG_ENABLE_OBJC_WEAK = YES;
				CLANG_WARN_BLOCK_CAPTURE_AUTORELEASING = YES;
				CLANG_WARN_BOOL_CONVERSION = YES;
				CLANG_WARN_COMMA = YES;
				CLANG_WARN_CONSTANT_CONVERSION = YES;
				CLANG_WARN_DEPRECATED_OBJC_IMPLEMENTATIONS = YES;
				CLANG_WARN_DIRECT_OBJC_ISA_USAGE = YES_ERROR;
				CLANG_WARN_DOCUMENTATION_COMMENTS = YES;
				CLANG_WARN_EMPTY_BODY = YES;
				CLANG_WARN_ENUM_CONVERSION = YES;
				CLANG_WARN_INFINITE_RECURSION = YES;
				CLANG_WARN_INT_CONVERSION = YES;
				CLANG_WARN_NON_LITERAL_NULL_CONVERSION = YES;
				CLANG_WARN_OBJC_IMPLICIT_RETAIN_SELF = YES;
				CLANG_WARN_OBJC_LITERAL_CONVERSION = YES;
				CLANG_WARN_OBJC_ROOT_CLASS = YES_ERROR;
				CLANG_WARN_QUOTED_INCLUDE_IN_FRAMEWORK_HEADER = YES;
				CLANG_WARN_RANGE_LOOP_ANALYSIS = YES;
				CLANG_WARN_STRICT_PROTOTYPES = YES;
				CLANG_WARN_SUSPICIOUS_MOVE = YES;
				CLANG_WARN_UNGUARDED_AVAILABILITY = YES_AGGRESSIVE;
				CLANG_WARN_UNREACHABLE_CODE = YES;
				CLANG_WARN__DUPLICATE_METHOD_MATCH = YES;
				COPY_PHASE_STRIP = NO;
				DEBUG_INFORMATION_FORMAT = "dwarf-with-dsym";
				ENABLE_NS_ASSERTIONS = NO;
				ENABLE_STRICT_OBJC_MSGSEND = YES;
				GCC_C_LANGUAGE_STANDARD = gnu11;
				GCC_NO_COMMON_BLOCKS = YES;
				GCC_WARN_64_TO_32_BIT_CONVERSION = YES;
				GCC_WARN_ABOUT_RETURN_TYPE = YES_ERROR;
				GCC_WARN_UNDECLARED_SELECTOR = YES;
				GCC_WARN_UNINITIALIZED_AUTOS = YES_AGGRESSIVE;
				GCC_WARN_UNUSED_FUNCTION = YES;
				GCC_WARN_UNUSED_VARIABLE = YES;
				IPHONEOS_DEPLOYMENT_TARGET = 16.4;
				MTL_ENABLE_DEBUG_INFO = NO;
				MTL_FAST_MATH = YES;
				SDKROOT = iphoneos;
				SWIFT_COMPILATION_MODE = wholemodule;
				SWIFT_OPTIMIZATION_LEVEL = "-O";
				VALIDATE_PRODUCT = YES;
			};
			name = Release;
		};
		5A2E5E532A090431006CBDE9 /* Debug */ = {
			isa = XCBuildConfiguration;
			buildSettings = {
				ASSETCATALOG_COMPILER_APPICON_NAME = AppIcon;
				ASSETCATALOG_COMPILER_GLOBAL_ACCENT_COLOR_NAME = AccentColor;
				CODE_SIGN_STYLE = Automatic;
				CURRENT_PROJECT_VERSION = 1;
				GENERATE_INFOPLIST_FILE = YES;
				INFOPLIST_FILE = "mapkit test/Info.plist";
				INFOPLIST_KEY_UIApplicationSupportsIndirectInputEvents = YES;
				INFOPLIST_KEY_UILaunchStoryboardName = LaunchScreen;
				INFOPLIST_KEY_UIMainStoryboardFile = Main;
				INFOPLIST_KEY_UISupportedInterfaceOrientations_iPad = "UIInterfaceOrientationPortrait UIInterfaceOrientationPortraitUpsideDown UIInterfaceOrientationLandscapeLeft UIInterfaceOrientationLandscapeRight";
				INFOPLIST_KEY_UISupportedInterfaceOrientations_iPhone = "UIInterfaceOrientationPortrait UIInterfaceOrientationLandscapeLeft UIInterfaceOrientationLandscapeRight";
				IPHONEOS_DEPLOYMENT_TARGET = 14.0;
				LD_RUNPATH_SEARCH_PATHS = (
					"$(inherited)",
					"@executable_path/Frameworks",
				);
				MARKETING_VERSION = 1.0;
				PRODUCT_BUNDLE_IDENTIFIER = "ir.fbscodes.mapkit.mapkit-test";
				PRODUCT_NAME = "$(TARGET_NAME)";
				SWIFT_EMIT_LOC_STRINGS = YES;
				SWIFT_VERSION = 5.0;
				TARGETED_DEVICE_FAMILY = "1,2";
			};
			name = Debug;
		};
		5A2E5E542A090431006CBDE9 /* Release */ = {
			isa = XCBuildConfiguration;
			buildSettings = {
				ASSETCATALOG_COMPILER_APPICON_NAME = AppIcon;
				ASSETCATALOG_COMPILER_GLOBAL_ACCENT_COLOR_NAME = AccentColor;
				CODE_SIGN_STYLE = Automatic;
				CURRENT_PROJECT_VERSION = 1;
				GENERATE_INFOPLIST_FILE = YES;
				INFOPLIST_FILE = "mapkit test/Info.plist";
				INFOPLIST_KEY_UIApplicationSupportsIndirectInputEvents = YES;
				INFOPLIST_KEY_UILaunchStoryboardName = LaunchScreen;
				INFOPLIST_KEY_UIMainStoryboardFile = Main;
				INFOPLIST_KEY_UISupportedInterfaceOrientations_iPad = "UIInterfaceOrientationPortrait UIInterfaceOrientationPortraitUpsideDown UIInterfaceOrientationLandscapeLeft UIInterfaceOrientationLandscapeRight";
				INFOPLIST_KEY_UISupportedInterfaceOrientations_iPhone = "UIInterfaceOrientationPortrait UIInterfaceOrientationLandscapeLeft UIInterfaceOrientationLandscapeRight";
				IPHONEOS_DEPLOYMENT_TARGET = 14.0;
				LD_RUNPATH_SEARCH_PATHS = (
					"$(inherited)",
					"@executable_path/Frameworks",
				);
				MARKETING_VERSION = 1.0;
				PRODUCT_BUNDLE_IDENTIFIER = "ir.fbscodes.mapkit.mapkit-test";
				PRODUCT_NAME = "$(TARGET_NAME)";
				SWIFT_EMIT_LOC_STRINGS = YES;
				SWIFT_VERSION = 5.0;
				TARGETED_DEVICE_FAMILY = "1,2";
			};
			name = Release;
		};
		5A2E5E562A090431006CBDE9 /* Debug */ = {
			isa = XCBuildConfiguration;
			buildSettings = {
				ALWAYS_EMBED_SWIFT_STANDARD_LIBRARIES = YES;
				BUNDLE_LOADER = "$(TEST_HOST)";
				CODE_SIGN_STYLE = Automatic;
				CURRENT_PROJECT_VERSION = 1;
				GENERATE_INFOPLIST_FILE = YES;
				IPHONEOS_DEPLOYMENT_TARGET = 16.4;
				MARKETING_VERSION = 1.0;
				PRODUCT_BUNDLE_IDENTIFIER = "ir.fbscodes.mapkit.mapkit-testTests";
				PRODUCT_NAME = "$(TARGET_NAME)";
				SWIFT_EMIT_LOC_STRINGS = NO;
				SWIFT_VERSION = 5.0;
				TARGETED_DEVICE_FAMILY = "1,2";
				TEST_HOST = "$(BUILT_PRODUCTS_DIR)/mapkit test.app/$(BUNDLE_EXECUTABLE_FOLDER_PATH)/mapkit test";
			};
			name = Debug;
		};
		5A2E5E572A090431006CBDE9 /* Release */ = {
			isa = XCBuildConfiguration;
			buildSettings = {
				ALWAYS_EMBED_SWIFT_STANDARD_LIBRARIES = YES;
				BUNDLE_LOADER = "$(TEST_HOST)";
				CODE_SIGN_STYLE = Automatic;
				CURRENT_PROJECT_VERSION = 1;
				GENERATE_INFOPLIST_FILE = YES;
				IPHONEOS_DEPLOYMENT_TARGET = 16.4;
				MARKETING_VERSION = 1.0;
				PRODUCT_BUNDLE_IDENTIFIER = "ir.fbscodes.mapkit.mapkit-testTests";
				PRODUCT_NAME = "$(TARGET_NAME)";
				SWIFT_EMIT_LOC_STRINGS = NO;
				SWIFT_VERSION = 5.0;
				TARGETED_DEVICE_FAMILY = "1,2";
				TEST_HOST = "$(BUILT_PRODUCTS_DIR)/mapkit test.app/$(BUNDLE_EXECUTABLE_FOLDER_PATH)/mapkit test";
			};
			name = Release;
		};
		5A2E5E592A090431006CBDE9 /* Debug */ = {
			isa = XCBuildConfiguration;
			buildSettings = {
				ALWAYS_EMBED_SWIFT_STANDARD_LIBRARIES = YES;
				CODE_SIGN_STYLE = Automatic;
				CURRENT_PROJECT_VERSION = 1;
				GENERATE_INFOPLIST_FILE = YES;
				MARKETING_VERSION = 1.0;
				PRODUCT_BUNDLE_IDENTIFIER = "ir.fbscodes.mapkit.mapkit-testUITests";
				PRODUCT_NAME = "$(TARGET_NAME)";
				SWIFT_EMIT_LOC_STRINGS = NO;
				SWIFT_VERSION = 5.0;
				TARGETED_DEVICE_FAMILY = "1,2";
				TEST_TARGET_NAME = "mapkit test";
			};
			name = Debug;
		};
		5A2E5E5A2A090431006CBDE9 /* Release */ = {
			isa = XCBuildConfiguration;
			buildSettings = {
				ALWAYS_EMBED_SWIFT_STANDARD_LIBRARIES = YES;
				CODE_SIGN_STYLE = Automatic;
				CURRENT_PROJECT_VERSION = 1;
				GENERATE_INFOPLIST_FILE = YES;
				MARKETING_VERSION = 1.0;
				PRODUCT_BUNDLE_IDENTIFIER = "ir.fbscodes.mapkit.mapkit-testUITests";
				PRODUCT_NAME = "$(TARGET_NAME)";
				SWIFT_EMIT_LOC_STRINGS = NO;
				SWIFT_VERSION = 5.0;
				TARGETED_DEVICE_FAMILY = "1,2";
				TEST_TARGET_NAME = "mapkit test";
			};
			name = Release;
		};
/* End XCBuildConfiguration section */

/* Begin XCConfigurationList section */
		5A2E5E232A09042C006CBDE9 /* Build configuration list for PBXProject "mapkit test" */ = {
			isa = XCConfigurationList;
			buildConfigurations = (
				5A2E5E502A090431006CBDE9 /* Debug */,
				5A2E5E512A090431006CBDE9 /* Release */,
			);
			defaultConfigurationIsVisible = 0;
			defaultConfigurationName = Release;
		};
		5A2E5E522A090431006CBDE9 /* Build configuration list for PBXNativeTarget "mapkit test" */ = {
			isa = XCConfigurationList;
			buildConfigurations = (
				5A2E5E532A090431006CBDE9 /* Debug */,
				5A2E5E542A090431006CBDE9 /* Release */,
			);
			defaultConfigurationIsVisible = 0;
			defaultConfigurationName = Release;
		};
		5A2E5E552A090431006CBDE9 /* Build configuration list for PBXNativeTarget "mapkit testTests" */ = {
			isa = XCConfigurationList;
			buildConfigurations = (
				5A2E5E562A090431006CBDE9 /* Debug */,
				5A2E5E572A090431006CBDE9 /* Release */,
			);
			defaultConfigurationIsVisible = 0;
			defaultConfigurationName = Release;
		};
		5A2E5E582A090431006CBDE9 /* Build configuration list for PBXNativeTarget "mapkit testUITests" */ = {
			isa = XCConfigurationList;
			buildConfigurations = (
				5A2E5E592A090431006CBDE9 /* Debug */,
				5A2E5E5A2A090431006CBDE9 /* Release */,
			);
			defaultConfigurationIsVisible = 0;
			defaultConfigurationName = Release;
		};
/* End XCConfigurationList section */
	};
	rootObject = 5A2E5E202A09042C006CBDE9 /* Project object */;
}
